%{"bunt": {:hex, :bunt, "0.1.4"},
  "credo": {:hex, :credo, "0.2.5"},
  "decimal": {:hex, :decimal, "1.1.2", "79a769d4657b2d537b51ef3c02d29ab7141d2b486b516c109642d453ee08e00c", [:mix], []},
  "earmark": {:hex, :earmark, "0.2.1"},
  "ecto": {:hex, :ecto, "2.0.1", "cf97a4d353e14af3d3cc3b4452cfbd18b3aeee1fb4075475efeccec3853444a9", [:mix], [{:poison, "~> 1.5 or ~> 2.0", [hex: :poison, optional: true]}, {:sbroker, "~> 1.0-beta", [hex: :sbroker, optional: true]}, {:mariaex, "~> 0.7.7", [hex: :mariaex, optional: true]}, {:postgrex, "~> 0.11.2", [hex: :postgrex, optional: true]}, {:db_connection, "~> 1.0-rc.2", [hex: :db_connection, optional: true]}, {:decimal, "~> 1.0", [hex: :decimal, optional: false]}, {:poolboy, "~> 1.5", [hex: :poolboy, optional: false]}]},
  "ex_doc": {:hex, :ex_doc, "0.11.4"},
  "fs": {:hex, :fs, "0.9.2"},
  "mix_test_watch": {:hex, :mix_test_watch, "0.2.5"},
  "poolboy": {:hex, :poolboy, "1.5.1", "6b46163901cfd0a1b43d692657ed9d7e599853b3b21b95ae5ae0a777cf9b6ca8", [:rebar], []}}
